
Microsoft Visual Studio Solution File, Format Version 12.00
# Visual Studio 14
VisualStudioVersion = 14.0.25420.1
MinimumVisualStudioVersion = 10.0.40219.1
Project("{2150E333-8FDC-42A3-9474-1A3956D46DE8}") = "src", "src", "{229CF923-D450-4FA8-87B8-B739675D0A57}"
EndProject
Project("{2150E333-8FDC-42A3-9474-1A3956D46DE8}") = "Solution Items", "Solution Items", "{9BDA0031-73F4-4787-9044-1EC4231DFA6E}"
	ProjectSection(SolutionItems) = preProject
		global.json = global.json
	EndProjectSection
EndProject
Project("{8BB2217D-0F2D-49D1-97BC-3654ED321F3B}") = "Zervo", "src\zervo\Zervo.xproj", "{43E8EFF7-B00D-4798-9C5D-D11DFC01961F}"
EndProject
Project("{8BB2217D-0F2D-49D1-97BC-3654ED321F3B}") = "Fractore", "src\Fractore\Fractore.xproj", "{AF8C8FCB-41CB-42ED-84FF-94E671A353F4}"
EndProject
Project("{8BB2217D-0F2D-49D1-97BC-3654ED321F3B}") = "Zervo.Data", "src\Zervo.Data\Zervo.Data.xproj", "{45F7C1DD-386F-47F7-ACB6-33FB73F5D263}"
EndProject
Global
	GlobalSection(SolutionConfigurationPlatforms) = preSolution
		Debug|Any CPU = Debug|Any CPU
		Release|Any CPU = Release|Any CPU
	EndGlobalSection
	GlobalSection(ProjectConfigurationPlatforms) = postSolution
		{43E8EFF7-B00D-4798-9C5D-D11DFC01961F}.Debug|Any CPU.ActiveCfg = Debug|Any CPU
		{43E8EFF7-B00D-4798-9C5D-D11DFC01961F}.Debug|Any CPU.Build.0 = Debug|Any CPU
		{43E8EFF7-B00D-4798-9C5D-D11DFC01961F}.Release|Any CPU.ActiveCfg = Release|Any CPU
		{43E8EFF7-B00D-4798-9C5D-D11DFC01961F}.Release|Any CPU.Build.0 = Release|Any CPU
		{AF8C8FCB-41CB-42ED-84FF-94E671A353F4}.Debug|Any CPU.ActiveCfg = Debug|Any CPU
		{AF8C8FCB-41CB-42ED-84FF-94E671A353F4}.Debug|Any CPU.Build.0 = Debug|Any CPU
		{AF8C8FCB-41CB-42ED-84FF-94E671A353F4}.Release|Any CPU.ActiveCfg = Release|Any CPU
		{AF8C8FCB-41CB-42ED-84FF-94E671A353F4}.Release|Any CPU.Build.0 = Release|Any CPU
		{45F7C1DD-386F-47F7-ACB6-33FB73F5D263}.Debug|Any CPU.ActiveCfg = Debug|Any CPU
		{45F7C1DD-386F-47F7-ACB6-33FB73F5D263}.Debug|Any CPU.Build.0 = Debug|Any CPU
		{45F7C1DD-386F-47F7-ACB6-33FB73F5D263}.Release|Any CPU.ActiveCfg = Release|Any CPU
		{45F7C1DD-386F-47F7-ACB6-33FB73F5D263}.Release|Any CPU.Build.0 = Release|Any CPU
	EndGlobalSection
	GlobalSection(SolutionProperties) = preSolution
		HideSolutionNode = FALSE
	EndGlobalSection
	GlobalSection(NestedProjects) = preSolution
		{43E8EFF7-B00D-4798-9C5D-D11DFC01961F} = {229CF923-D450-4FA8-87B8-B739675D0A57}
		{AF8C8FCB-41CB-42ED-84FF-94E671A353F4} = {229CF923-D450-4FA8-87B8-B739675D0A57}
		{45F7C1DD-386F-47F7-ACB6-33FB73F5D263} = {229CF923-D450-4FA8-87B8-B739675D0A57}
	EndGlobalSection
EndGlobal
